// !$*UTF8*$!
{
	archiveVersion = 1;
	classes = {
	};
	objectVersion = 56;
	objects = {

/* Begin PBXBuildFile section */
		2492E3AA2A3D9C1100AF1CAB /* testApp.swift in Sources */ = {isa = PBXBuildFile; fileRef = 2492E3A92A3D9C1100AF1CAB /* testApp.swift */; };
		2492E3AC2A3D9C1100AF1CAB /* ContentView.swift in Sources */ = {isa = PBXBuildFile; fileRef = 2492E3AB2A3D9C1100AF1CAB /* ContentView.swift */; };
		2492E3AE2A3D9C1200AF1CAB /* Assets.xcassets in Resources */ = {isa = PBXBuildFile; fileRef = 2492E3AD2A3D9C1200AF1CAB /* Assets.xcassets */; };
		2492E3B12A3D9C1200AF1CAB /* Preview Assets.xcassets in Resources */ = {isa = PBXBuildFile; fileRef = 2492E3B02A3D9C1200AF1CAB /* Preview Assets.xcassets */; };
		2492E3BB2A3D9C1200AF1CAB /* testTests.swift in Sources */ = {isa = PBXBuildFile; fileRef = 2492E3BA2A3D9C1200AF1CAB /* testTests.swift */; };
		2492E3C52A3D9C1200AF1CAB /* testUITests.swift in Sources */ = {isa = PBXBuildFile; fileRef = 2492E3C42A3D9C1200AF1CAB /* testUITests.swift */; };
		2492E3C72A3D9C1200AF1CAB /* testUITestsLaunchTests.swift in Sources */ = {isa = PBXBuildFile; fileRef = 2492E3C62A3D9C1200AF1CAB /* testUITestsLaunchTests.swift */; };
/* End PBXBuildFile section */

/* Begin PBXContainerItemProxy section */
		2492E3B72A3D9C1200AF1CAB /* PBXContainerItemProxy */ = {
			isa = PBXContainerItemProxy;
			containerPortal = 2492E39E2A3D9C1100AF1CAB /* Project object */;
			proxyType = 1;
			remoteGlobalIDString = 2492E3A52A3D9C1100AF1CAB;
			remoteInfo = test;
		};
		2492E3C12A3D9C1200AF1CAB /* PBXContainerItemProxy */ = {
			isa = PBXContainerItemProxy;
			containerPortal = 2492E39E2A3D9C1100AF1CAB /* Project object */;
			proxyType = 1;
			remoteGlobalIDString = 2492E3A52A3D9C1100AF1CAB;
			remoteInfo = test;
		};
/* End PBXContainerItemProxy section */

/* Begin PBXFileReference section */
		2492E3A62A3D9C1100AF1CAB /* test.app */ = {isa = PBXFileReference; explicitFileType = wrapper.application; includeInIndex = 0; path = test.app; sourceTree = BUILT_PRODUCTS_DIR; };
		2492E3A92A3D9C1100AF1CAB /* testApp.swift */ = {isa = PBXFileReference; lastKnownFileType = sourcecode.swift; path = testApp.swift; sourceTree = "<group>"; };
		2492E3AB2A3D9C1100AF1CAB /* ContentView.swift */ = {isa = PBXFileReference; lastKnownFileType = sourcecode.swift; path = ContentView.swift; sourceTree = "<group>"; };
		2492E3AD2A3D9C1200AF1CAB /* Assets.xcassets */ = {isa = PBXFileReference; lastKnownFileType = folder.assetcatalog; path = Assets.xcassets; sourceTree = "<group>"; };
		2492E3B02A3D9C1200AF1CAB /* Preview Assets.xcassets */ = {isa = PBXFileReference; lastKnownFileType = folder.assetcatalog; path = "Preview Assets.xcassets"; sourceTree = "<group>"; };
		2492E3B62A3D9C1200AF1CAB /* testTests.xctest */ = {isa = PBXFileReference; explicitFileType = wrapper.cfbundle; includeInIndex = 0; path = testTests.xctest; sourceTree = BUILT_PRODUCTS_DIR; };
		2492E3BA2A3D9C1200AF1CAB /* testTests.swift */ = {isa = PBXFileReference; lastKnownFileType = sourcecode.swift; path = testTests.swift; sourceTree = "<group>"; };
		2492E3C02A3D9C1200AF1CAB /* testUITests.xctest */ = {isa = PBXFileReference; explicitFileType = wrapper.cfbundle; includeInIndex = 0; path = testUITests.xctest; sourceTree = BUILT_PRODUCTS_DIR; };
		2492E3C42A3D9C1200AF1CAB /* testUITests.swift */ = {isa = PBXFileReference; lastKnownFileType = sourcecode.swift; path = testUITests.swift; sourceTree = "<group>"; };
		2492E3C62A3D9C1200AF1CAB /* testUITestsLaunchTests.swift */ = {isa = PBXFileReference; lastKnownFileType = sourcecode.swift; path = testUITestsLaunchTests.swift; sourceTree = "<group>"; };
/* End PBXFileReference section */

/* Begin PBXFrameworksBuildPhase section */
		2492E3A32A3D9C1100AF1CAB /* Frameworks */ = {
			isa = PBXFrameworksBuildPhase;
			buildActionMask = 2147483647;
			files = (
			);
			runOnlyForDeploymentPostprocessing = 0;
		};
		2492E3B32A3D9C1200AF1CAB /* Frameworks */ = {
			isa = PBXFrameworksBuildPhase;
			buildActionMask = 2147483647;
			files = (
			);
			runOnlyForDeploymentPostprocessing = 0;
		};
		2492E3BD2A3D9C1200AF1CAB /* Frameworks */ = {
			isa = PBXFrameworksBuildPhase;
			buildActionMask = 2147483647;
			files = (
			);
			runOnlyForDeploymentPostprocessing = 0;
		};
/* End PBXFrameworksBuildPhase section */

/* Begin PBXGroup section */
		2492E39D2A3D9C1100AF1CAB = {
			isa = PBXGroup;
			children = (
				2492E3A82A3D9C1100AF1CAB /* test */,
				2492E3B92A3D9C1200AF1CAB /* testTests */,
				2492E3C32A3D9C1200AF1CAB /* testUITests */,
				2492E3A72A3D9C1100AF1CAB /* Products */,
			);
			sourceTree = "<group>";
		};
		2492E3A72A3D9C1100AF1CAB /* Products */ = {
			isa = PBXGroup;
			children = (
				2492E3A62A3D9C1100AF1CAB /* test.app */,
				2492E3B62A3D9C1200AF1CAB /* testTests.xctest */,
				2492E3C02A3D9C1200AF1CAB /* testUITests.xctest */,
			);
			name = Products;
			sourceTree = "<group>";
		};
		2492E3A82A3D9C1100AF1CAB /* test */ = {
			isa = PBXGroup;
			children = (
				2492E3A92A3D9C1100AF1CAB /* testApp.swift */,
				2492E3AB2A3D9C1100AF1CAB /* ContentView.swift */,
				2492E3AD2A3D9C1200AF1CAB /* Assets.xcassets */,
				2492E3AF2A3D9C1200AF1CAB /* Preview Content */,
			);
			path = test;
			sourceTree = "<group>";
		};
		2492E3AF2A3D9C1200AF1CAB /* Preview Content */ = {
			isa = PBXGroup;
			children = (
				2492E3B02A3D9C1200AF1CAB /* Preview Assets.xcassets */,
			);
			path = "Preview Content";
			sourceTree = "<group>";
		};
		2492E3B92A3D9C1200AF1CAB /* testTests */ = {
			isa = PBXGroup;
			children = (
				2492E3BA2A3D9C1200AF1CAB /* testTests.swift */,
			);
			path = testTests;
			sourceTree = "<group>";
		};
		2492E3C32A3D9C1200AF1CAB /* testUITests */ = {
			isa = PBXGroup;
			children = (
				2492E3C42A3D9C1200AF1CAB /* testUITests.swift */,
				2492E3C62A3D9C1200AF1CAB /* testUITestsLaunchTests.swift */,
			);
			path = testUITests;
			sourceTree = "<group>";
		};
/* End PBXGroup section */

/* Begin PBXNativeTarget section */
		2492E3A52A3D9C1100AF1CAB /* test */ = {
			isa = PBXNativeTarget;
			buildConfigurationList = 2492E3CA2A3D9C1200AF1CAB /* Build configuration list for PBXNativeTarget "test" */;
			buildPhases = (
				2492E3A22A3D9C1100AF1CAB /* Sources */,
				2492E3A32A3D9C1100AF1CAB /* Frameworks */,
				2492E3A42A3D9C1100AF1CAB /* Resources */,
			);
			buildRules = (
			);
			dependencies = (
			);
			name = test;
			productName = test;
			productReference = 2492E3A62A3D9C1100AF1CAB /* test.app */;
			productType = "com.apple.product-type.application";
		};
		2492E3B52A3D9C1200AF1CAB /* testTests */ = {
			isa = PBXNativeTarget;
			buildConfigurationList = 2492E3CD2A3D9C1200AF1CAB /* Build configuration list for PBXNativeTarget "testTests" */;
			buildPhases = (
				2492E3B22A3D9C1200AF1CAB /* Sources */,
				2492E3B32A3D9C1200AF1CAB /* Frameworks */,
				2492E3B42A3D9C1200AF1CAB /* Resources */,
			);
			buildRules = (
			);
			dependencies = (
				2492E3B82A3D9C1200AF1CAB /* PBXTargetDependency */,
			);
			name = testTests;
			productName = testTests;
			productReference = 2492E3B62A3D9C1200AF1CAB /* testTests.xctest */;
			productType = "com.apple.product-type.bundle.unit-test";
		};
		2492E3BF2A3D9C1200AF1CAB /* testUITests */ = {
			isa = PBXNativeTarget;
			buildConfigurationList = 2492E3D02A3D9C1200AF1CAB /* Build configuration list for PBXNativeTarget "testUITests" */;
			buildPhases = (
				2492E3BC2A3D9C1200AF1CAB /* Sources */,
				2492E3BD2A3D9C1200AF1CAB /* Frameworks */,
				2492E3BE2A3D9C1200AF1CAB /* Resources */,
			);
			buildRules = (
			);
			dependencies = (
				2492E3C22A3D9C1200AF1CAB /* PBXTargetDependency */,
			);
			name = testUITests;
			productName = testUITests;
			productReference = 2492E3C02A3D9C1200AF1CAB /* testUITests.xctest */;
			productType = "com.apple.product-type.bundle.ui-testing";
		};
/* End PBXNativeTarget section */

/* Begin PBXProject section */
		2492E39E2A3D9C1100AF1CAB /* Project object */ = {
			isa = PBXProject;
			attributes = {
				BuildIndependentTargetsInParallel = 1;
				LastSwiftUpdateCheck = 1430;
				LastUpgradeCheck = 1430;
				TargetAttributes = {
					2492E3A52A3D9C1100AF1CAB = {
						CreatedOnToolsVersion = 14.3.1;
					};
					2492E3B52A3D9C1200AF1CAB = {
						CreatedOnToolsVersion = 14.3.1;
						TestTargetID = 2492E3A52A3D9C1100AF1CAB;
					};
					2492E3BF2A3D9C1200AF1CAB = {
						CreatedOnToolsVersion = 14.3.1;
						TestTargetID = 2492E3A52A3D9C1100AF1CAB;
					};
				};
			};
			buildConfigurationList = 2492E3A12A3D9C1100AF1CAB /* Build configuration list for PBXProject "test" */;
			compatibilityVersion = "Xcode 14.0";
			developmentRegion = en;
			hasScannedForEncodings = 0;
			knownRegions = (
				en,
				Base,
			);
			mainGroup = 2492E39D2A3D9C1100AF1CAB;
			productRefGroup = 2492E3A72A3D9C1100AF1CAB /* Products */;
			projectDirPath = "";
			projectRoot = "";
			targets = (
				2492E3A52A3D9C1100AF1CAB /* test */,
				2492E3B52A3D9C1200AF1CAB /* testTests */,
				2492E3BF2A3D9C1200AF1CAB /* testUITests */,
			);
		};
/* End PBXProject section */

/* Begin PBXResourcesBuildPhase section */
		2492E3A42A3D9C1100AF1CAB /* Resources */ = {
			isa = PBXResourcesBuildPhase;
			buildActionMask = 2147483647;
			files = (
				2492E3B12A3D9C1200AF1CAB /* Preview Assets.xcassets in Resources */,
				2492E3AE2A3D9C1200AF1CAB /* Assets.xcassets in Resources */,
			);
			runOnlyForDeploymentPostprocessing = 0;
		};
		2492E3B42A3D9C1200AF1CAB /* Resources */ = {
			isa = PBXResourcesBuildPhase;
			buildActionMask = 2147483647;
			files = (
			);
			runOnlyForDeploymentPostprocessing = 0;
		};
		2492E3BE2A3D9C1200AF1CAB /* Resources */ = {
			isa = PBXResourcesBuildPhase;
			buildActionMask = 2147483647;
			files = (
			);
			runOnlyForDeploymentPostprocessing = 0;
		};
/* End PBXResourcesBuildPhase section */

/* Begin PBXSourcesBuildPhase section */
		2492E3A22A3D9C1100AF1CAB /* Sources */ = {
			isa = PBXSourcesBuildPhase;
			buildActionMask = 2147483647;
			files = (
				2492E3AC2A3D9C1100AF1CAB /* ContentView.swift in Sources */,
				2492E3AA2A3D9C1100AF1CAB /* testApp.swift in Sources */,
			);
			runOnlyForDeploymentPostprocessing = 0;
		};
		2492E3B22A3D9C1200AF1CAB /* Sources */ = {
			isa = PBXSourcesBuildPhase;
			buildActionMask = 2147483647;
			files = (
				2492E3BB2A3D9C1200AF1CAB /* testTests.swift in Sources */,
			);
			runOnlyForDeploymentPostprocessing = 0;
		};
		2492E3BC2A3D9C1200AF1CAB /* Sources */ = {
			isa = PBXSourcesBuildPhase;
			buildActionMask = 2147483647;
			files = (
				2492E3C72A3D9C1200AF1CAB /* testUITestsLaunchTests.swift in Sources */,
				2492E3C52A3D9C1200AF1CAB /* testUITests.swift in Sources */,
			);
			runOnlyForDeploymentPostprocessing = 0;
		};
/* End PBXSourcesBuildPhase section */

/* Begin PBXTargetDependency section */
		2492E3B82A3D9C1200AF1CAB /* PBXTargetDependency */ = {
			isa = PBXTargetDependency;
			target = 2492E3A52A3D9C1100AF1CAB /* test */;
			targetProxy = 2492E3B72A3D9C1200AF1CAB /* PBXContainerItemProxy */;
		};
		2492E3C22A3D9C1200AF1CAB /* PBXTargetDependency */ = {
			isa = PBXTargetDependency;
			target = 2492E3A52A3D9C1100AF1CAB /* test */;
			targetProxy = 2492E3C12A3D9C1200AF1CAB /* PBXContainerItemProxy */;
		};
/* End PBXTargetDependency section */

/* Begin XCBuildConfiguration section */
		2492E3C82A3D9C1200AF1CAB /* Debug */ = {
			isa = XCBuildConfiguration;
			buildSettings = {
				ALWAYS_SEARCH_USER_PATHS = NO;
				CLANG_ANALYZER_NONNULL = YES;
				CLANG_ANALYZER_NUMBER_OBJECT_CONVERSION = YES_AGGRESSIVE;
				CLANG_CXX_LANGUAGE_STANDARD = "gnu++20";
				CLANG_ENABLE_MODULES = YES;
				CLANG_ENABLE_OBJC_ARC = YES;
				CLANG_ENABLE_OBJC_WEAK = YES;
				CLANG_WARN_BLOCK_CAPTURE_AUTORELEASING = YES;
				CLANG_WARN_BOOL_CONVERSION = YES;
				CLANG_WARN_COMMA = YES;
				CLANG_WARN_CONSTANT_CONVERSION = YES;
				CLANG_WARN_DEPRECATED_OBJC_IMPLEMENTATIONS = YES;
				CLANG_WARN_DIRECT_OBJC_ISA_USAGE = YES_ERROR;
				CLANG_WARN_DOCUMENTATION_COMMENTS = YES;
				CLANG_WARN_EMPTY_BODY = YES;
				CLANG_WARN_ENUM_CONVERSION = YES;
				CLANG_WARN_INFINITE_RECURSION = YES;
				CLANG_WARN_INT_CONVERSION = YES;
				CLANG_WARN_NON_LITERAL_NULL_CONVERSION = YES;
				CLANG_WARN_OBJC_IMPLICIT_RETAIN_SELF = YES;
				CLANG_WARN_OBJC_LITERAL_CONVERSION = YES;
				CLANG_WARN_OBJC_ROOT_CLASS = YES_ERROR;
				CLANG_WARN_QUOTED_INCLUDE_IN_FRAMEWORK_HEADER = YES;
				CLANG_WARN_RANGE_LOOP_ANALYSIS = YES;
				CLANG_WARN_STRICT_PROTOTYPES = YES;
				CLANG_WARN_SUSPICIOUS_MOVE = YES;
				CLANG_WARN_UNGUARDED_AVAILABILITY = YES_AGGRESSIVE;
				CLANG_WARN_UNREACHABLE_CODE = YES;
				CLANG_WARN__DUPLICATE_METHOD_MATCH = YES;
				COPY_PHASE_STRIP = NO;
				DEBUG_INFORMATION_FORMAT = dwarf;
				ENABLE_STRICT_OBJC_MSGSEND = YES;
				ENABLE_TESTABILITY = YES;
				GCC_C_LANGUAGE_STANDARD = gnu11;
				GCC_DYNAMIC_NO_PIC = NO;
				GCC_NO_COMMON_BLOCKS = YES;
				GCC_OPTIMIZATION_LEVEL = 0;
				GCC_PREPROCESSOR_DEFINITIONS = (
					"DEBUG=1",
					"$(inherited)",
				);
				GCC_WARN_64_TO_32_BIT_CONVERSION = YES;
				GCC_WARN_ABOUT_RETURN_TYPE = YES_ERROR;
				GCC_WARN_UNDECLARED_SELECTOR = YES;
				GCC_WARN_UNINITIALIZED_AUTOS = YES_AGGRESSIVE;
				GCC_WARN_UNUSED_FUNCTION = YES;
				GCC_WARN_UNUSED_VARIABLE = YES;
				IPHONEOS_DEPLOYMENT_TARGET = 16.4;
				MTL_ENABLE_DEBUG_INFO = INCLUDE_SOURCE;
				MTL_FAST_MATH = YES;
				ONLY_ACTIVE_ARCH = YES;
				SDKROOT = iphoneos;
				SWIFT_ACTIVE_COMPILATION_CONDITIONS = DEBUG;
				SWIFT_OPTIMIZATION_LEVEL = "-Onone";
			};
			name = Debug;
		};
		2492E3C92A3D9C1200AF1CAB /* Release */ = {
			isa = XCBuildConfiguration;
			buildSettings = {
				ALWAYS_SEARCH_USER_PATHS = NO;
				CLANG_ANALYZER_NONNULL = YES;
				CLANG_ANALYZER_NUMBER_OBJECT_CONVERSION = YES_AGGRESSIVE;
				CLANG_CXX_LANGUAGE_STANDARD = "gnu++20";
				CLANG_ENABLE_MODULES = YES;
				CLANG_ENABLE_OBJC_ARC = YES;
				CLANG_ENABLE_OBJC_WEAK = YES;
				CLANG_WARN_BLOCK_CAPTURE_AUTORELEASING = YES;
				CLANG_WARN_BOOL_CONVERSION = YES;
				CLANG_WARN_COMMA = YES;
				CLANG_WARN_CONSTANT_CONVERSION = YES;
				CLANG_WARN_DEPRECATED_OBJC_IMPLEMENTATIONS = YES;
				CLANG_WARN_DIRECT_OBJC_ISA_USAGE = YES_ERROR;
				CLANG_WARN_DOCUMENTATION_COMMENTS = YES;
				CLANG_WARN_EMPTY_BODY = YES;
				CLANG_WARN_ENUM_CONVERSION = YES;
				CLANG_WARN_INFINITE_RECURSION = YES;
				CLANG_WARN_INT_CONVERSION = YES;
				CLANG_WARN_NON_LITERAL_NULL_CONVERSION = YES;
				CLANG_WARN_OBJC_IMPLICIT_RETAIN_SELF = YES;
				CLANG_WARN_OBJC_LITERAL_CONVERSION = YES;
				CLANG_WARN_OBJC_ROOT_CLASS = YES_ERROR;
				CLANG_WARN_QUOTED_INCLUDE_IN_FRAMEWORK_HEADER = YES;
				CLANG_WARN_RANGE_LOOP_ANALYSIS = YES;
				CLANG_WARN_STRICT_PROTOTYPES = YES;
				CLANG_WARN_SUSPICIOUS_MOVE = YES;
				CLANG_WARN_UNGUARDED_AVAILABILITY = YES_AGGRESSIVE;
				CLANG_WARN_UNREACHABLE_CODE = YES;
				CLANG_WARN__DUPLICATE_METHOD_MATCH = YES;
				COPY_PHASE_STRIP = NO;
				DEBUG_INFORMATION_FORMAT = "dwarf-with-dsym";
				ENABLE_NS_ASSERTIONS = NO;
				ENABLE_STRICT_OBJC_MSGSEND = YES;
				GCC_C_LANGUAGE_STANDARD = gnu11;
				GCC_NO_COMMON_BLOCKS = YES;
				GCC_WARN_64_TO_32_BIT_CONVERSION = YES;
				GCC_WARN_ABOUT_RETURN_TYPE = YES_ERROR;
				GCC_WARN_UNDECLARED_SELECTOR = YES;
				GCC_WARN_UNINITIALIZED_AUTOS = YES_AGGRESSIVE;
				GCC_WARN_UNUSED_FUNCTION = YES;
				GCC_WARN_UNUSED_VARIABLE = YES;
				IPHONEOS_DEPLOYMENT_TARGET = 16.4;
				MTL_ENABLE_DEBUG_INFO = NO;
				MTL_FAST_MATH = YES;
				SDKROOT = iphoneos;
				SWIFT_COMPILATION_MODE = wholemodule;
				SWIFT_OPTIMIZATION_LEVEL = "-O";
				VALIDATE_PRODUCT = YES;
			};
			name = Release;
		};
		2492E3CB2A3D9C1200AF1CAB /* Debug */ = {
			isa = XCBuildConfiguration;
			buildSettings = {
				ASSETCATALOG_COMPILER_APPICON_NAME = AppIcon;
				ASSETCATALOG_COMPILER_GLOBAL_ACCENT_COLOR_NAME = AccentColor;
				CODE_SIGN_STYLE = Automatic;
				CURRENT_PROJECT_VERSION = 1;
				DEVELOPMENT_ASSET_PATHS = "\"test/Preview Content\"";
				ENABLE_PREVIEWS = YES;
				GENERATE_INFOPLIST_FILE = YES;
				INFOPLIST_KEY_UIApplicationSceneManifest_Generation = YES;
				INFOPLIST_KEY_UIApplicationSupportsIndirectInputEvents = YES;
				INFOPLIST_KEY_UILaunchScreen_Generation = YES;
				INFOPLIST_KEY_UISupportedInterfaceOrientations_iPad = "UIInterfaceOrientationPortrait UIInterfaceOrientationPortraitUpsideDown UIInterfaceOrientationLandscapeLeft UIInterfaceOrientationLandscapeRight";
				INFOPLIST_KEY_UISupportedInterfaceOrientations_iPhone = "UIInterfaceOrientationPortrait UIInterfaceOrientationLandscapeLeft UIInterfaceOrientationLandscapeRight";
				LD_RUNPATH_SEARCH_PATHS = (
					"$(inherited)",
					"@executable_path/Frameworks",
				);
				MARKETING_VERSION = 1.0;
				PRODUCT_BUNDLE_IDENTIFIER = test.test;
				PRODUCT_NAME = "$(TARGET_NAME)";
				SWIFT_EMIT_LOC_STRINGS = YES;
				SWIFT_VERSION = 5.0;
				TARGETED_DEVICE_FAMILY = "1,2";
			};
			name = Debug;
		};
		2492E3CC2A3D9C1200AF1CAB /* Release */ = {
			isa = XCBuildConfiguration;
			buildSettings = {
				ASSETCATALOG_COMPILER_APPICON_NAME = AppIcon;
				ASSETCATALOG_COMPILER_GLOBAL_ACCENT_COLOR_NAME = AccentColor;
				CODE_SIGN_STYLE = Automatic;
				CURRENT_PROJECT_VERSION = 1;
				DEVELOPMENT_ASSET_PATHS = "\"test/Preview Content\"";
				ENABLE_PREVIEWS = YES;
				GENERATE_INFOPLIST_FILE = YES;
				INFOPLIST_KEY_UIApplicationSceneManifest_Generation = YES;
				INFOPLIST_KEY_UIApplicationSupportsIndirectInputEvents = YES;
				INFOPLIST_KEY_UILaunchScreen_Generation = YES;
				INFOPLIST_KEY_UISupportedInterfaceOrientations_iPad = "UIInterfaceOrientationPortrait UIInterfaceOrientationPortraitUpsideDown UIInterfaceOrientationLandscapeLeft UIInterfaceOrientationLandscapeRight";
				INFOPLIST_KEY_UISupportedInterfaceOrientations_iPhone = "UIInterfaceOrientationPortrait UIInterfaceOrientationLandscapeLeft UIInterfaceOrientationLandscapeRight";
				LD_RUNPATH_SEARCH_PATHS = (
					"$(inherited)",
					"@executable_path/Frameworks",
				);
				MARKETING_VERSION = 1.0;
				PRODUCT_BUNDLE_IDENTIFIER = test.test;
				PRODUCT_NAME = "$(TARGET_NAME)";
				SWIFT_EMIT_LOC_STRINGS = YES;
				SWIFT_VERSION = 5.0;
				TARGETED_DEVICE_FAMILY = "1,2";
			};
			name = Release;
		};
		2492E3CE2A3D9C1200AF1CAB /* Debug */ = {
			isa = XCBuildConfiguration;
			buildSettings = {
				ALWAYS_EMBED_SWIFT_STANDARD_LIBRARIES = YES;
				BUNDLE_LOADER = "$(TEST_HOST)";
				CODE_SIGN_STYLE = Automatic;
				CURRENT_PROJECT_VERSION = 1;
				GENERATE_INFOPLIST_FILE = YES;
				IPHONEOS_DEPLOYMENT_TARGET = 16.4;
				MARKETING_VERSION = 1.0;
				PRODUCT_BUNDLE_IDENTIFIER = test.testTests;
				PRODUCT_NAME = "$(TARGET_NAME)";
				SWIFT_EMIT_LOC_STRINGS = NO;
				SWIFT_VERSION = 5.0;
				TARGETED_DEVICE_FAMILY = "1,2";
				TEST_HOST = "$(BUILT_PRODUCTS_DIR)/test.app/$(BUNDLE_EXECUTABLE_FOLDER_PATH)/test";
			};
			name = Debug;
		};
		2492E3CF2A3D9C1200AF1CAB /* Release */ = {
			isa = XCBuildConfiguration;
			buildSettings = {
				ALWAYS_EMBED_SWIFT_STANDARD_LIBRARIES = YES;
				BUNDLE_LOADER = "$(TEST_HOST)";
				CODE_SIGN_STYLE = Automatic;
				CURRENT_PROJECT_VERSION = 1;
				GENERATE_INFOPLIST_FILE = YES;
				IPHONEOS_DEPLOYMENT_TARGET = 16.4;
				MARKETING_VERSION = 1.0;
				PRODUCT_BUNDLE_IDENTIFIER = test.testTests;
				PRODUCT_NAME = "$(TARGET_NAME)";
				SWIFT_EMIT_LOC_STRINGS = NO;
				SWIFT_VERSION = 5.0;
				TARGETED_DEVICE_FAMILY = "1,2";
				TEST_HOST = "$(BUILT_PRODUCTS_DIR)/test.app/$(BUNDLE_EXECUTABLE_FOLDER_PATH)/test";
			};
			name = Release;
		};
		2492E3D12A3D9C1200AF1CAB /* Debug */ = {
			isa = XCBuildConfiguration;
			buildSettings = {
				ALWAYS_EMBED_SWIFT_STANDARD_LIBRARIES = YES;
				CODE_SIGN_STYLE = Automatic;
				CURRENT_PROJECT_VERSION = 1;
				GENERATE_INFOPLIST_FILE = YES;
				MARKETING_VERSION = 1.0;
				PRODUCT_BUNDLE_IDENTIFIER = test.testUITests;
				PRODUCT_NAME = "$(TARGET_NAME)";
				SWIFT_EMIT_LOC_STRINGS = NO;
				SWIFT_VERSION = 5.0;
				TARGETED_DEVICE_FAMILY = "1,2";
				TEST_TARGET_NAME = test;
			};
			name = Debug;
		};
		2492E3D22A3D9C1200AF1CAB /* Release */ = {
			isa = XCBuildConfiguration;
			buildSettings = {
				ALWAYS_EMBED_SWIFT_STANDARD_LIBRARIES = YES;
				CODE_SIGN_STYLE = Automatic;
				CURRENT_PROJECT_VERSION = 1;
				GENERATE_INFOPLIST_FILE = YES;
				MARKETING_VERSION = 1.0;
				PRODUCT_BUNDLE_IDENTIFIER = test.testUITests;
				PRODUCT_NAME = "$(TARGET_NAME)";
				SWIFT_EMIT_LOC_STRINGS = NO;
				SWIFT_VERSION = 5.0;
				TARGETED_DEVICE_FAMILY = "1,2";
				TEST_TARGET_NAME = test;
			};
			name = Release;
		};
/* End XCBuildConfiguration section */

/* Begin XCConfigurationList section */
		2492E3A12A3D9C1100AF1CAB /* Build configuration list for PBXProject "test" */ = {
			isa = XCConfigurationList;
			buildConfigurations = (
				2492E3C82A3D9C1200AF1CAB /* Debug */,
				2492E3C92A3D9C1200AF1CAB /* Release */,
			);
			defaultConfigurationIsVisible = 0;
			defaultConfigurationName = Release;
		};
		2492E3CA2A3D9C1200AF1CAB /* Build configuration list for PBXNativeTarget "test" */ = {
			isa = XCConfigurationList;
			buildConfigurations = (
				2492E3CB2A3D9C1200AF1CAB /* Debug */,
				2492E3CC2A3D9C1200AF1CAB /* Release */,
			);
			defaultConfigurationIsVisible = 0;
			defaultConfigurationName = Release;
		};
		2492E3CD2A3D9C1200AF1CAB /* Build configuration list for PBXNativeTarget "testTests" */ = {
			isa = XCConfigurationList;
			buildConfigurations = (
				2492E3CE2A3D9C1200AF1CAB /* Debug */,
				2492E3CF2A3D9C1200AF1CAB /* Release */,
			);
			defaultConfigurationIsVisible = 0;
			defaultConfigurationName = Release;
		};
		2492E3D02A3D9C1200AF1CAB /* Build configuration list for PBXNativeTarget "testUITests" */ = {
			isa = XCConfigurationList;
			buildConfigurations = (
				2492E3D12A3D9C1200AF1CAB /* Debug */,
				2492E3D22A3D9C1200AF1CAB /* Release */,
			);
			defaultConfigurationIsVisible = 0;
			defaultConfigurationName = Release;
		};
/* End XCConfigurationList section */
	};
	rootObject = 2492E39E2A3D9C1100AF1CAB /* Project object */;
}
