
Microsoft Visual Studio Solution File, Format Version 12.00
# Visual Studio Version 16
VisualStudioVersion = 16.0.31727.386
MinimumVisualStudioVersion = 10.0.40219.1
Project("{8BC9CEB8-8B4A-11D0-8D11-00A0C91BC942}") = "1050", "1050.vcxproj", "{3CEE5234-F1C6-4A07-9F1A-3D50BF7B0F16}"
EndProject
Global
	GlobalSection(SolutionConfigurationPlatforms) = preSolution
		Debug|x64 = Debug|x64
		Debug|x86 = Debug|x86
		Release|x64 = Release|x64
		Release|x86 = Release|x86
	EndGlobalSection
	GlobalSection(ProjectConfigurationPlatforms) = postSolution
		{3CEE5234-F1C6-4A07-9F1A-3D50BF7B0F16}.Debug|x64.ActiveCfg = Debug|x64
		{3CEE5234-F1C6-4A07-9F1A-3D50BF7B0F16}.Debug|x64.Build.0 = Debug|x64
		{3CEE5234-F1C6-4A07-9F1A-3D50BF7B0F16}.Debug|x86.ActiveCfg = Debug|Win32
		{3CEE5234-F1C6-4A07-9F1A-3D50BF7B0F16}.Debug|x86.Build.0 = Debug|Win32
		{3CEE5234-F1C6-4A07-9F1A-3D50BF7B0F16}.Release|x64.ActiveCfg = Release|x64
		{3CEE5234-F1C6-4A07-9F1A-3D50BF7B0F16}.Release|x64.Build.0 = Release|x64
		{3CEE5234-F1C6-4A07-9F1A-3D50BF7B0F16}.Release|x86.ActiveCfg = Release|Win32
		{3CEE5234-F1C6-4A07-9F1A-3D50BF7B0F16}.Release|x86.Build.0 = Release|Win32
	EndGlobalSection
	GlobalSection(SolutionProperties) = preSolution
		HideSolutionNode = FALSE
	EndGlobalSection
	GlobalSection(ExtensibilityGlobals) = postSolution
		SolutionGuid = {3F029A5E-AD7E-440A-9F90-F2C20C8B99CC}
	EndGlobalSection
EndGlobal
