
Microsoft Visual Studio Solution File, Format Version 12.00
# Visual Studio Version 16
VisualStudioVersion = 16.0.32228.343
MinimumVisualStudioVersion = 10.0.40219.1
Project("{8BC9CEB8-8B4A-11D0-8D11-00A0C91BC942}") = "一元二次方程求解工具", "一元二次方程求解工具.vcxproj", "{B2D68F4A-9394-4ABE-9F91-5C5E48FDCCF5}"
EndProject
Global
	GlobalSection(SolutionConfigurationPlatforms) = preSolution
		Debug|x64 = Debug|x64
		Debug|x86 = Debug|x86
		Release|x64 = Release|x64
		Release|x86 = Release|x86
	EndGlobalSection
	GlobalSection(ProjectConfigurationPlatforms) = postSolution
		{B2D68F4A-9394-4ABE-9F91-5C5E48FDCCF5}.Debug|x64.ActiveCfg = Debug|x64
		{B2D68F4A-9394-4ABE-9F91-5C5E48FDCCF5}.Debug|x64.Build.0 = Debug|x64
		{B2D68F4A-9394-4ABE-9F91-5C5E48FDCCF5}.Debug|x86.ActiveCfg = Debug|Win32
		{B2D68F4A-9394-4ABE-9F91-5C5E48FDCCF5}.Debug|x86.Build.0 = Debug|Win32
		{B2D68F4A-9394-4ABE-9F91-5C5E48FDCCF5}.Release|x64.ActiveCfg = Release|x64
		{B2D68F4A-9394-4ABE-9F91-5C5E48FDCCF5}.Release|x64.Build.0 = Release|x64
		{B2D68F4A-9394-4ABE-9F91-5C5E48FDCCF5}.Release|x86.ActiveCfg = Release|Win32
		{B2D68F4A-9394-4ABE-9F91-5C5E48FDCCF5}.Release|x86.Build.0 = Release|Win32
	EndGlobalSection
	GlobalSection(SolutionProperties) = preSolution
		HideSolutionNode = FALSE
	EndGlobalSection
	GlobalSection(ExtensibilityGlobals) = postSolution
		SolutionGuid = {413676B3-4005-40C3-B523-243ECD96D0E5}
	EndGlobalSection
EndGlobal
